
Microsoft Visual Studio Solution File, Format Version 12.00
# Visual Studio Version 16
VisualStudioVersion = 16.6.30114.105
MinimumVisualStudioVersion = 10.0.40219.1
Project("{FAE04EC0-301F-11D3-BF4B-00C04F79EFBC}") = "Quap.Test", "Quap.Test\Quap.Test.csproj", "{C8B42FE5-3469-459F-A0C2-98D62D63B3BB}"
EndProject
Project("{FAE04EC0-301F-11D3-BF4B-00C04F79EFBC}") = "quap", "Quap\quap.csproj", "{5ED7D686-9224-46AA-AE8C-F7A9428E89FB}"
EndProject
Global
	GlobalSection(SolutionConfigurationPlatforms) = preSolution
		Debug|Any CPU = Debug|Any CPU
		Debug|x64 = Debug|x64
		Debug|x86 = Debug|x86
		Release|Any CPU = Release|Any CPU
		Release|x64 = Release|x64
		Release|x86 = Release|x86
	EndGlobalSection
	GlobalSection(SolutionProperties) = preSolution
		HideSolutionNode = FALSE
	EndGlobalSection
	GlobalSection(ProjectConfigurationPlatforms) = postSolution
		{C8B42FE5-3469-459F-A0C2-98D62D63B3BB}.Debug|Any CPU.ActiveCfg = Debug|Any CPU
		{C8B42FE5-3469-459F-A0C2-98D62D63B3BB}.Debug|Any CPU.Build.0 = Debug|Any CPU
		{C8B42FE5-3469-459F-A0C2-98D62D63B3BB}.Debug|x64.ActiveCfg = Debug|Any CPU
		{C8B42FE5-3469-459F-A0C2-98D62D63B3BB}.Debug|x64.Build.0 = Debug|Any CPU
		{C8B42FE5-3469-459F-A0C2-98D62D63B3BB}.Debug|x86.ActiveCfg = Debug|Any CPU
		{C8B42FE5-3469-459F-A0C2-98D62D63B3BB}.Debug|x86.Build.0 = Debug|Any CPU
		{C8B42FE5-3469-459F-A0C2-98D62D63B3BB}.Release|Any CPU.ActiveCfg = Release|Any CPU
		{C8B42FE5-3469-459F-A0C2-98D62D63B3BB}.Release|Any CPU.Build.0 = Release|Any CPU
		{C8B42FE5-3469-459F-A0C2-98D62D63B3BB}.Release|x64.ActiveCfg = Release|Any CPU
		{C8B42FE5-3469-459F-A0C2-98D62D63B3BB}.Release|x64.Build.0 = Release|Any CPU
		{C8B42FE5-3469-459F-A0C2-98D62D63B3BB}.Release|x86.ActiveCfg = Release|Any CPU
		{C8B42FE5-3469-459F-A0C2-98D62D63B3BB}.Release|x86.Build.0 = Release|Any CPU
		{5ED7D686-9224-46AA-AE8C-F7A9428E89FB}.Debug|Any CPU.ActiveCfg = Debug|Any CPU
		{5ED7D686-9224-46AA-AE8C-F7A9428E89FB}.Debug|Any CPU.Build.0 = Debug|Any CPU
		{5ED7D686-9224-46AA-AE8C-F7A9428E89FB}.Debug|x64.ActiveCfg = Debug|Any CPU
		{5ED7D686-9224-46AA-AE8C-F7A9428E89FB}.Debug|x64.Build.0 = Debug|Any CPU
		{5ED7D686-9224-46AA-AE8C-F7A9428E89FB}.Debug|x86.ActiveCfg = Debug|Any CPU
		{5ED7D686-9224-46AA-AE8C-F7A9428E89FB}.Debug|x86.Build.0 = Debug|Any CPU
		{5ED7D686-9224-46AA-AE8C-F7A9428E89FB}.Release|Any CPU.ActiveCfg = Release|Any CPU
		{5ED7D686-9224-46AA-AE8C-F7A9428E89FB}.Release|Any CPU.Build.0 = Release|Any CPU
		{5ED7D686-9224-46AA-AE8C-F7A9428E89FB}.Release|x64.ActiveCfg = Release|Any CPU
		{5ED7D686-9224-46AA-AE8C-F7A9428E89FB}.Release|x64.Build.0 = Release|Any CPU
		{5ED7D686-9224-46AA-AE8C-F7A9428E89FB}.Release|x86.ActiveCfg = Release|Any CPU
		{5ED7D686-9224-46AA-AE8C-F7A9428E89FB}.Release|x86.Build.0 = Release|Any CPU
	EndGlobalSection
EndGlobal
